# generated by rye
# use `rye lock` or `rye sync` to update this lockfile
#
# last locked with the following flags:
#   pre: false
#   features: []
#   all-features: false
#   with-sources: false

-e file:.
aiohappyeyeballs==2.4.3
    # via aiohttp
aiohttp==3.10.10
    # via discord-py
aiosignal==1.3.1
    # via aiohttp
attrs==24.2.0
    # via aiohttp
discord-py @ git+https://github.com/Rapptz/discord.py@af75985730528fa76f9949ea768ae90fd2a50c75
    # via servermanager
frozenlist==1.5.0
    # via aiohttp
    # via aiosignal
idna==3.10
    # via yarl
multidict==6.1.0
    # via aiohttp
    # via yarl
propcache==0.2.0
    # via yarl
yarl==1.17.1
    # via aiohttp
